
Microsoft Visual Studio Solution File, Format Version 12.00
# Visual Studio Version 17
VisualStudioVersion = 17.5.33627.172
MinimumVisualStudioVersion = 10.0.40219.1
Project("{2150E333-8FDC-42A3-9474-1A3956D46DE8}") = "Services", "Services", "{90C5E66B-2FF3-4210-8D23-D9C956194D34}"
EndProject
Project("{2150E333-8FDC-42A3-9474-1A3956D46DE8}") = "Catalog", "Catalog", "{D3C1233D-FB17-44C6-9303-D87755581B2F}"
EndProject
Project("{9A19103F-16F7-4668-BE54-9A1E7A4F7556}") = "Catalog.API", "Services\Catalog\Catalog.API\Catalog.API.csproj", "{ED49F688-EC8F-4C95-BA6B-539EA3D92B32}"
EndProject
Project("{E53339B2-1760-4266-BCC7-CA923CBCF16C}") = "docker-compose", "docker-compose.dcproj", "{966D2D10-9401-448F-8447-7092F1CE849B}"
EndProject
Project("{2150E333-8FDC-42A3-9474-1A3956D46DE8}") = "Basket", "Basket", "{EACE2E79-D2DB-4964-874E-4447E0B93128}"
EndProject
Project("{FAE04EC0-301F-11D3-BF4B-00C04F79EFBC}") = "Basket.API", "Services\Basket\Basket.API\Basket.API.csproj", "{6090BC5F-2945-4E99-BA04-9FD0D6B4F926}"
EndProject
Global
	GlobalSection(SolutionConfigurationPlatforms) = preSolution
		Debug|Any CPU = Debug|Any CPU
		Release|Any CPU = Release|Any CPU
	EndGlobalSection
	GlobalSection(ProjectConfigurationPlatforms) = postSolution
		{ED49F688-EC8F-4C95-BA6B-539EA3D92B32}.Debug|Any CPU.ActiveCfg = Debug|Any CPU
		{ED49F688-EC8F-4C95-BA6B-539EA3D92B32}.Debug|Any CPU.Build.0 = Debug|Any CPU
		{ED49F688-EC8F-4C95-BA6B-539EA3D92B32}.Release|Any CPU.ActiveCfg = Release|Any CPU
		{ED49F688-EC8F-4C95-BA6B-539EA3D92B32}.Release|Any CPU.Build.0 = Release|Any CPU
		{966D2D10-9401-448F-8447-7092F1CE849B}.Debug|Any CPU.ActiveCfg = Debug|Any CPU
		{966D2D10-9401-448F-8447-7092F1CE849B}.Debug|Any CPU.Build.0 = Debug|Any CPU
		{966D2D10-9401-448F-8447-7092F1CE849B}.Release|Any CPU.ActiveCfg = Release|Any CPU
		{966D2D10-9401-448F-8447-7092F1CE849B}.Release|Any CPU.Build.0 = Release|Any CPU
		{6090BC5F-2945-4E99-BA04-9FD0D6B4F926}.Debug|Any CPU.ActiveCfg = Debug|Any CPU
		{6090BC5F-2945-4E99-BA04-9FD0D6B4F926}.Debug|Any CPU.Build.0 = Debug|Any CPU
		{6090BC5F-2945-4E99-BA04-9FD0D6B4F926}.Release|Any CPU.ActiveCfg = Release|Any CPU
		{6090BC5F-2945-4E99-BA04-9FD0D6B4F926}.Release|Any CPU.Build.0 = Release|Any CPU
	EndGlobalSection
	GlobalSection(SolutionProperties) = preSolution
		HideSolutionNode = FALSE
	EndGlobalSection
	GlobalSection(NestedProjects) = preSolution
		{D3C1233D-FB17-44C6-9303-D87755581B2F} = {90C5E66B-2FF3-4210-8D23-D9C956194D34}
		{ED49F688-EC8F-4C95-BA6B-539EA3D92B32} = {D3C1233D-FB17-44C6-9303-D87755581B2F}
		{EACE2E79-D2DB-4964-874E-4447E0B93128} = {90C5E66B-2FF3-4210-8D23-D9C956194D34}
		{6090BC5F-2945-4E99-BA04-9FD0D6B4F926} = {EACE2E79-D2DB-4964-874E-4447E0B93128}
	EndGlobalSection
	GlobalSection(ExtensibilityGlobals) = postSolution
		SolutionGuid = {512F03EC-6FFF-4D11-89B3-C55B352D48EC}
	EndGlobalSection
EndGlobal
